
Microsoft Visual Studio Solution File, Format Version 12.00
# Visual Studio Version 16
VisualStudioVersion = 16.0.29009.5
MinimumVisualStudioVersion = 10.0.40219.1
Project("{FAE04EC0-301F-11D3-BF4B-00C04F79EFBC}") = "Ucas.TechTest.PizzaFactory.Console", "Ucas.TechTest.PizzaFactory.Console\Ucas.TechTest.PizzaFactory.Console.csproj", "{8C1B6BD1-649E-4382-80A7-D6D90D0E2184}"
EndProject
Project("{2150E333-8FDC-42A3-9474-1A3956D46DE8}") = "Solution Items", "Solution Items", "{B317A333-54D9-4DBD-8A0F-07930869A438}"
	ProjectSection(SolutionItems) = preProject
		.gitignore = .gitignore
	EndProjectSection
EndProject
Project("{9A19103F-16F7-4668-BE54-9A1E7A4F7556}") = "Ucas.TechTest.PizzaFactory", "Ucas.TechTest.PizzaFactory\Ucas.TechTest.PizzaFactory.csproj", "{7805685F-9292-4C3E-AE5F-2673C4DAA149}"
EndProject
Project("{FAE04EC0-301F-11D3-BF4B-00C04F79EFBC}") = "Ucas.TechTest.PizzaFactory.Test", "Ucas.TechTest.PizzaFactory.Test\Ucas.TechTest.PizzaFactory.Test.csproj", "{F4209848-15F8-46F5-B91D-6F990506C681}"
EndProject
Project("{FAE04EC0-301F-11D3-BF4B-00C04F79EFBC}") = "Ucas.TechTest.PizzaFactory.WebApi", "Ucas.TechTest.PizzaFactory.WebApi\Ucas.TechTest.PizzaFactory.WebApi.csproj", "{812AAC47-C6FC-44BE-B34D-C1F8B4B8432D}"
EndProject
Project("{FAE04EC0-301F-11D3-BF4B-00C04F79EFBC}") = "Ucas.TechTest.PizzaFactory.Mongo", "Ucas.TechTest.PizzaFactory.Mongo\Ucas.TechTest.PizzaFactory.Mongo.csproj", "{ED347AE3-AC6D-4E95-B710-B69FF2F8BF0B}"
EndProject
Project("{FAE04EC0-301F-11D3-BF4B-00C04F79EFBC}") = "Ucas.TechTest.PizzaFactory.DataAccess", "Ucas.TechTest.PizzaFactory.DataAccess\Ucas.TechTest.PizzaFactory.DataAccess.csproj", "{74F31B09-91C2-4F9B-ABD5-6E153E8BA6B2}"
EndProject
Project("{FAE04EC0-301F-11D3-BF4B-00C04F79EFBC}") = "Ucas.TechTest.PizzaFactory.Core", "Ucas.TechTest.PizzaFactory.Core\Ucas.TechTest.PizzaFactory.Core.csproj", "{696B5C73-3E95-4FC5-B8E8-44BC8786ECF0}"
EndProject
Project("{FAE04EC0-301F-11D3-BF4B-00C04F79EFBC}") = "Ucas.TechTest.PizzaFactory.Consumers", "Ucas.TechTest.PizzaFactory.Consumers\Ucas.TechTest.PizzaFactory.Consumers.csproj", "{B5E3B3D9-4B85-4791-816F-6E1D9A9F4433}"
EndProject
Global
	GlobalSection(SolutionConfigurationPlatforms) = preSolution
		Debug|Any CPU = Debug|Any CPU
		Release|Any CPU = Release|Any CPU
	EndGlobalSection
	GlobalSection(ProjectConfigurationPlatforms) = postSolution
		{8C1B6BD1-649E-4382-80A7-D6D90D0E2184}.Debug|Any CPU.ActiveCfg = Debug|Any CPU
		{8C1B6BD1-649E-4382-80A7-D6D90D0E2184}.Debug|Any CPU.Build.0 = Debug|Any CPU
		{8C1B6BD1-649E-4382-80A7-D6D90D0E2184}.Release|Any CPU.ActiveCfg = Release|Any CPU
		{8C1B6BD1-649E-4382-80A7-D6D90D0E2184}.Release|Any CPU.Build.0 = Release|Any CPU
		{7805685F-9292-4C3E-AE5F-2673C4DAA149}.Debug|Any CPU.ActiveCfg = Debug|Any CPU
		{7805685F-9292-4C3E-AE5F-2673C4DAA149}.Debug|Any CPU.Build.0 = Debug|Any CPU
		{7805685F-9292-4C3E-AE5F-2673C4DAA149}.Release|Any CPU.ActiveCfg = Release|Any CPU
		{7805685F-9292-4C3E-AE5F-2673C4DAA149}.Release|Any CPU.Build.0 = Release|Any CPU
		{F4209848-15F8-46F5-B91D-6F990506C681}.Debug|Any CPU.ActiveCfg = Debug|Any CPU
		{F4209848-15F8-46F5-B91D-6F990506C681}.Debug|Any CPU.Build.0 = Debug|Any CPU
		{F4209848-15F8-46F5-B91D-6F990506C681}.Release|Any CPU.ActiveCfg = Release|Any CPU
		{F4209848-15F8-46F5-B91D-6F990506C681}.Release|Any CPU.Build.0 = Release|Any CPU
		{812AAC47-C6FC-44BE-B34D-C1F8B4B8432D}.Debug|Any CPU.ActiveCfg = Debug|Any CPU
		{812AAC47-C6FC-44BE-B34D-C1F8B4B8432D}.Debug|Any CPU.Build.0 = Debug|Any CPU
		{812AAC47-C6FC-44BE-B34D-C1F8B4B8432D}.Release|Any CPU.ActiveCfg = Release|Any CPU
		{812AAC47-C6FC-44BE-B34D-C1F8B4B8432D}.Release|Any CPU.Build.0 = Release|Any CPU
		{ED347AE3-AC6D-4E95-B710-B69FF2F8BF0B}.Debug|Any CPU.ActiveCfg = Debug|Any CPU
		{ED347AE3-AC6D-4E95-B710-B69FF2F8BF0B}.Debug|Any CPU.Build.0 = Debug|Any CPU
		{ED347AE3-AC6D-4E95-B710-B69FF2F8BF0B}.Release|Any CPU.ActiveCfg = Release|Any CPU
		{ED347AE3-AC6D-4E95-B710-B69FF2F8BF0B}.Release|Any CPU.Build.0 = Release|Any CPU
		{74F31B09-91C2-4F9B-ABD5-6E153E8BA6B2}.Debug|Any CPU.ActiveCfg = Debug|Any CPU
		{74F31B09-91C2-4F9B-ABD5-6E153E8BA6B2}.Debug|Any CPU.Build.0 = Debug|Any CPU
		{74F31B09-91C2-4F9B-ABD5-6E153E8BA6B2}.Release|Any CPU.ActiveCfg = Release|Any CPU
		{74F31B09-91C2-4F9B-ABD5-6E153E8BA6B2}.Release|Any CPU.Build.0 = Release|Any CPU
		{696B5C73-3E95-4FC5-B8E8-44BC8786ECF0}.Debug|Any CPU.ActiveCfg = Debug|Any CPU
		{696B5C73-3E95-4FC5-B8E8-44BC8786ECF0}.Debug|Any CPU.Build.0 = Debug|Any CPU
		{696B5C73-3E95-4FC5-B8E8-44BC8786ECF0}.Release|Any CPU.ActiveCfg = Release|Any CPU
		{696B5C73-3E95-4FC5-B8E8-44BC8786ECF0}.Release|Any CPU.Build.0 = Release|Any CPU
		{B5E3B3D9-4B85-4791-816F-6E1D9A9F4433}.Debug|Any CPU.ActiveCfg = Debug|Any CPU
		{B5E3B3D9-4B85-4791-816F-6E1D9A9F4433}.Debug|Any CPU.Build.0 = Debug|Any CPU
		{B5E3B3D9-4B85-4791-816F-6E1D9A9F4433}.Release|Any CPU.ActiveCfg = Release|Any CPU
		{B5E3B3D9-4B85-4791-816F-6E1D9A9F4433}.Release|Any CPU.Build.0 = Release|Any CPU
	EndGlobalSection
	GlobalSection(SolutionProperties) = preSolution
		HideSolutionNode = FALSE
	EndGlobalSection
	GlobalSection(ExtensibilityGlobals) = postSolution
		SolutionGuid = {2A0E6EEA-5F60-4845-9251-9B562969EEBE}
	EndGlobalSection
EndGlobal
